
Microsoft Visual Studio Solution File, Format Version 12.00
Project("{FAE04EC0-301F-11D3-BF4B-00C04F79EFBC}") = "FIAP.WebApiDotnet8Challenge.Domain", "src\FIAP.WebApiDotnet8Challenge.Domain\FIAP.WebApiDotnet8Challenge.Domain.csproj", "{6D22D45F-D60C-4010-A656-26E0D777ABEF}"
EndProject
Project("{2150E333-8FDC-42A3-9474-1A3956D46DE8}") = "src", "src", "{5BEDE713-FFC6-4972-B2A8-BB343DE4C46C}"
EndProject
Project("{FAE04EC0-301F-11D3-BF4B-00C04F79EFBC}") = "FIAP.WebApiDotnet8Challenge.WebAPI", "src\FIAP.WebApiDotnet8Challenge.WebAPI\FIAP.WebApiDotnet8Challenge.WebAPI.csproj", "{F314E582-7FB8-43AB-AADA-A4491545A9A1}"
EndProject
Project("{2150E333-8FDC-42A3-9474-1A3956D46DE8}") = "domain", "domain", "{963EAC11-DC01-49FF-B457-F5077555FAE4}"
EndProject
Project("{2150E333-8FDC-42A3-9474-1A3956D46DE8}") = "application", "application", "{4DF33F18-A33B-444D-875F-B355513CFD0B}"
EndProject
Project("{2150E333-8FDC-42A3-9474-1A3956D46DE8}") = "infraestructure", "infraestructure", "{301C6A31-70D0-48AA-976C-9292946BE06E}"
EndProject
Project("{2150E333-8FDC-42A3-9474-1A3956D46DE8}") = "presentation", "presentation", "{6AB94E83-EAE8-4AEE-AAD3-805BB07367E3}"
EndProject
Project("{2150E333-8FDC-42A3-9474-1A3956D46DE8}") = "tests", "tests", "{7D1DCA61-0098-4142-ADCE-FF63BADA6571}"
EndProject
Project("{FAE04EC0-301F-11D3-BF4B-00C04F79EFBC}") = "FIAP.WebApiDotnet8Challenge.UnitTest", "tests\FIAP.WebApiDotnet8Challenge.UnitTest\FIAP.WebApiDotnet8Challenge.UnitTest.csproj", "{8621D615-401A-4561-A819-7DD3FF3F4309}"
EndProject
Project("{FAE04EC0-301F-11D3-BF4B-00C04F79EFBC}") = "FIAP.WebApiDotnet8Challenge.Persitence", "src\FIAP.WebApiDotnet8Challenge.Persitence\FIAP.WebApiDotnet8Challenge.Persitence.csproj", "{C9EE12A2-FC3F-4F8C-AE10-126A1B7930CE}"
EndProject
Project("{FAE04EC0-301F-11D3-BF4B-00C04F79EFBC}") = "FIAP.WebApiDotnet8Challenge.Application", "src\FIAP.WebApiDotnet8Challenge.Application\FIAP.WebApiDotnet8Challenge.Application.csproj", "{FB26D1EE-81BB-4AC2-AA32-E7DD02E90FE8}"
EndProject
Global
	GlobalSection(SolutionConfigurationPlatforms) = preSolution
		Debug|Any CPU = Debug|Any CPU
		Release|Any CPU = Release|Any CPU
	EndGlobalSection
	GlobalSection(ProjectConfigurationPlatforms) = postSolution
		{6D22D45F-D60C-4010-A656-26E0D777ABEF}.Debug|Any CPU.ActiveCfg = Debug|Any CPU
		{6D22D45F-D60C-4010-A656-26E0D777ABEF}.Debug|Any CPU.Build.0 = Debug|Any CPU
		{6D22D45F-D60C-4010-A656-26E0D777ABEF}.Release|Any CPU.ActiveCfg = Release|Any CPU
		{6D22D45F-D60C-4010-A656-26E0D777ABEF}.Release|Any CPU.Build.0 = Release|Any CPU
		{F314E582-7FB8-43AB-AADA-A4491545A9A1}.Debug|Any CPU.ActiveCfg = Debug|Any CPU
		{F314E582-7FB8-43AB-AADA-A4491545A9A1}.Debug|Any CPU.Build.0 = Debug|Any CPU
		{F314E582-7FB8-43AB-AADA-A4491545A9A1}.Release|Any CPU.ActiveCfg = Release|Any CPU
		{F314E582-7FB8-43AB-AADA-A4491545A9A1}.Release|Any CPU.Build.0 = Release|Any CPU
		{8621D615-401A-4561-A819-7DD3FF3F4309}.Debug|Any CPU.ActiveCfg = Debug|Any CPU
		{8621D615-401A-4561-A819-7DD3FF3F4309}.Debug|Any CPU.Build.0 = Debug|Any CPU
		{8621D615-401A-4561-A819-7DD3FF3F4309}.Release|Any CPU.ActiveCfg = Release|Any CPU
		{8621D615-401A-4561-A819-7DD3FF3F4309}.Release|Any CPU.Build.0 = Release|Any CPU
		{C9EE12A2-FC3F-4F8C-AE10-126A1B7930CE}.Debug|Any CPU.ActiveCfg = Debug|Any CPU
		{C9EE12A2-FC3F-4F8C-AE10-126A1B7930CE}.Debug|Any CPU.Build.0 = Debug|Any CPU
		{C9EE12A2-FC3F-4F8C-AE10-126A1B7930CE}.Release|Any CPU.ActiveCfg = Release|Any CPU
		{C9EE12A2-FC3F-4F8C-AE10-126A1B7930CE}.Release|Any CPU.Build.0 = Release|Any CPU
		{FB26D1EE-81BB-4AC2-AA32-E7DD02E90FE8}.Debug|Any CPU.ActiveCfg = Debug|Any CPU
		{FB26D1EE-81BB-4AC2-AA32-E7DD02E90FE8}.Debug|Any CPU.Build.0 = Debug|Any CPU
		{FB26D1EE-81BB-4AC2-AA32-E7DD02E90FE8}.Release|Any CPU.ActiveCfg = Release|Any CPU
		{FB26D1EE-81BB-4AC2-AA32-E7DD02E90FE8}.Release|Any CPU.Build.0 = Release|Any CPU
	EndGlobalSection
	GlobalSection(NestedProjects) = preSolution
		{963EAC11-DC01-49FF-B457-F5077555FAE4} = {5BEDE713-FFC6-4972-B2A8-BB343DE4C46C}
		{4DF33F18-A33B-444D-875F-B355513CFD0B} = {5BEDE713-FFC6-4972-B2A8-BB343DE4C46C}
		{301C6A31-70D0-48AA-976C-9292946BE06E} = {5BEDE713-FFC6-4972-B2A8-BB343DE4C46C}
		{F314E582-7FB8-43AB-AADA-A4491545A9A1} = {6AB94E83-EAE8-4AEE-AAD3-805BB07367E3}
		{6D22D45F-D60C-4010-A656-26E0D777ABEF} = {963EAC11-DC01-49FF-B457-F5077555FAE4}
		{8621D615-401A-4561-A819-7DD3FF3F4309} = {7D1DCA61-0098-4142-ADCE-FF63BADA6571}
		{C9EE12A2-FC3F-4F8C-AE10-126A1B7930CE} = {301C6A31-70D0-48AA-976C-9292946BE06E}
		{FB26D1EE-81BB-4AC2-AA32-E7DD02E90FE8} = {4DF33F18-A33B-444D-875F-B355513CFD0B}
		{6AB94E83-EAE8-4AEE-AAD3-805BB07367E3} = {5BEDE713-FFC6-4972-B2A8-BB343DE4C46C}
	EndGlobalSection
EndGlobal
